
Microsoft Visual Studio Solution File, Format Version 12.00
# Visual Studio 14
VisualStudioVersion = 14.0.25420.1
MinimumVisualStudioVersion = 10.0.40219.1
Project("{FAE04EC0-301F-11D3-BF4B-00C04F79EFBC}") = "EpisodeNamer", "EpisodeNamer\EpisodeNamer.csproj", "{D8AE8AE2-C014-465C-833B-094C505FFA14}"
EndProject
Project("{FAE04EC0-301F-11D3-BF4B-00C04F79EFBC}") = "EpisodeNamer.Tests", "EpisodeNamer.Tests\EpisodeNamer.Tests.csproj", "{3C8D8937-CC80-4BD6-A63F-201AED84D27C}"
EndProject
Project("{FAE04EC0-301F-11D3-BF4B-00C04F79EFBC}") = "OtrEpisodeNamerCLI", "OtrEpisodeNamerCLI\OtrEpisodeNamerCLI.csproj", "{645B5C18-5466-4765-B6CC-46C05D3A5F21}"
EndProject
Project("{FAE04EC0-301F-11D3-BF4B-00C04F79EFBC}") = "FileDistributor", "FileDistributor\FileDistributor.csproj", "{3027F3BA-FD52-4532-ADAF-22AA8F8DEB10}"
EndProject
Project("{FAE04EC0-301F-11D3-BF4B-00C04F79EFBC}") = "EpisodeNamerGui", "EpisodeNamerGui\EpisodeNamerGui.csproj", "{22DB12BD-F51B-4F30-8835-D3829627A86A}"
EndProject
Project("{FAE04EC0-301F-11D3-BF4B-00C04F79EFBC}") = "OtrBatchDecoder", "..\OtrBatchDecoder\OtrBatchDecoder\OtrBatchDecoder.csproj", "{0A85D52F-39D1-4211-8370-0D34DD027550}"
EndProject
Global
	GlobalSection(SolutionConfigurationPlatforms) = preSolution
		Debug|Any CPU = Debug|Any CPU
		Release|Any CPU = Release|Any CPU
	EndGlobalSection
	GlobalSection(ProjectConfigurationPlatforms) = postSolution
		{D8AE8AE2-C014-465C-833B-094C505FFA14}.Debug|Any CPU.ActiveCfg = Debug|Any CPU
		{D8AE8AE2-C014-465C-833B-094C505FFA14}.Debug|Any CPU.Build.0 = Debug|Any CPU
		{D8AE8AE2-C014-465C-833B-094C505FFA14}.Release|Any CPU.ActiveCfg = Release|Any CPU
		{D8AE8AE2-C014-465C-833B-094C505FFA14}.Release|Any CPU.Build.0 = Release|Any CPU
		{3C8D8937-CC80-4BD6-A63F-201AED84D27C}.Debug|Any CPU.ActiveCfg = Debug|Any CPU
		{3C8D8937-CC80-4BD6-A63F-201AED84D27C}.Debug|Any CPU.Build.0 = Debug|Any CPU
		{3C8D8937-CC80-4BD6-A63F-201AED84D27C}.Release|Any CPU.ActiveCfg = Release|Any CPU
		{3C8D8937-CC80-4BD6-A63F-201AED84D27C}.Release|Any CPU.Build.0 = Release|Any CPU
		{645B5C18-5466-4765-B6CC-46C05D3A5F21}.Debug|Any CPU.ActiveCfg = Debug|Any CPU
		{645B5C18-5466-4765-B6CC-46C05D3A5F21}.Debug|Any CPU.Build.0 = Debug|Any CPU
		{645B5C18-5466-4765-B6CC-46C05D3A5F21}.Release|Any CPU.ActiveCfg = Release|Any CPU
		{645B5C18-5466-4765-B6CC-46C05D3A5F21}.Release|Any CPU.Build.0 = Release|Any CPU
		{3027F3BA-FD52-4532-ADAF-22AA8F8DEB10}.Debug|Any CPU.ActiveCfg = Debug|Any CPU
		{3027F3BA-FD52-4532-ADAF-22AA8F8DEB10}.Debug|Any CPU.Build.0 = Debug|Any CPU
		{3027F3BA-FD52-4532-ADAF-22AA8F8DEB10}.Release|Any CPU.ActiveCfg = Release|Any CPU
		{3027F3BA-FD52-4532-ADAF-22AA8F8DEB10}.Release|Any CPU.Build.0 = Release|Any CPU
		{22DB12BD-F51B-4F30-8835-D3829627A86A}.Debug|Any CPU.ActiveCfg = Debug|Any CPU
		{22DB12BD-F51B-4F30-8835-D3829627A86A}.Debug|Any CPU.Build.0 = Debug|Any CPU
		{22DB12BD-F51B-4F30-8835-D3829627A86A}.Release|Any CPU.ActiveCfg = Release|Any CPU
		{22DB12BD-F51B-4F30-8835-D3829627A86A}.Release|Any CPU.Build.0 = Release|Any CPU
		{0A85D52F-39D1-4211-8370-0D34DD027550}.Debug|Any CPU.ActiveCfg = Debug|Any CPU
		{0A85D52F-39D1-4211-8370-0D34DD027550}.Debug|Any CPU.Build.0 = Debug|Any CPU
		{0A85D52F-39D1-4211-8370-0D34DD027550}.Release|Any CPU.ActiveCfg = Release|Any CPU
		{0A85D52F-39D1-4211-8370-0D34DD027550}.Release|Any CPU.Build.0 = Release|Any CPU
	EndGlobalSection
	GlobalSection(SolutionProperties) = preSolution
		HideSolutionNode = FALSE
	EndGlobalSection
EndGlobal
