
Microsoft Visual Studio Solution File, Format Version 12.00
# Visual Studio 15
VisualStudioVersion = 15.0.26228.12
MinimumVisualStudioVersion = 10.0.40219.1
Project("{FAE04EC0-301F-11D3-BF4B-00C04F79EFBC}") = "EpisodeNamer", "EpisodeNamer\EpisodeNamer.csproj", "{D8AE8AE2-C014-465C-833B-094C505FFA14}"
EndProject
Project("{FAE04EC0-301F-11D3-BF4B-00C04F79EFBC}") = "EpisodeNamer.Tests", "EpisodeNamer.Tests\EpisodeNamer.Tests.csproj", "{3C8D8937-CC80-4BD6-A63F-201AED84D27C}"
EndProject
Project("{FAE04EC0-301F-11D3-BF4B-00C04F79EFBC}") = "OtrEpisodeNamerCLI", "OtrEpisodeNamerCLI\OtrEpisodeNamerCLI.csproj", "{645B5C18-5466-4765-B6CC-46C05D3A5F21}"
EndProject
Project("{FAE04EC0-301F-11D3-BF4B-00C04F79EFBC}") = "FileDistributor", "FileDistributor\FileDistributor.csproj", "{3027F3BA-FD52-4532-ADAF-22AA8F8DEB10}"
EndProject
Project("{FAE04EC0-301F-11D3-BF4B-00C04F79EFBC}") = "EpisodeNamerGui", "EpisodeNamerGui\EpisodeNamerGui.csproj", "{22DB12BD-F51B-4F30-8835-D3829627A86A}"
EndProject
Project("{FAE04EC0-301F-11D3-BF4B-00C04F79EFBC}") = "OtrBatchDecoder", "..\OtrBatchDecoder\OtrBatchDecoder\OtrBatchDecoder.csproj", "{0A85D52F-39D1-4211-8370-0D34DD027550}"
EndProject
Project("{FAE04EC0-301F-11D3-BF4B-00C04F79EFBC}") = "WikipediaShowCrawler", "..\WikipediaShowCrawler\WikipediaShowCrawler\WikipediaShowCrawler.csproj", "{B4390F6F-C697-420E-B80B-FC3E4470FCB1}"
EndProject
Project("{FAE04EC0-301F-11D3-BF4B-00C04F79EFBC}") = "WikipediaShowCrawler.Tests", "..\WikipediaShowCrawler\WikipediaShowCrawler.Tests\WikipediaShowCrawler.Tests.csproj", "{DC8E151C-8114-4063-8246-C5A343D97BF4}"
EndProject
Project("{F2A71F9B-5D33-465A-A702-920D77279786}") = "TvDbCrawler", "TvDbCrawler\TvDbCrawler.fsproj", "{73F706D4-1463-4B57-8E33-0B2CC53DA73E}"
EndProject
Global
	GlobalSection(SolutionConfigurationPlatforms) = preSolution
		Debug|Any CPU = Debug|Any CPU
		Release|Any CPU = Release|Any CPU
	EndGlobalSection
	GlobalSection(ProjectConfigurationPlatforms) = postSolution
		{D8AE8AE2-C014-465C-833B-094C505FFA14}.Debug|Any CPU.ActiveCfg = Debug|Any CPU
		{D8AE8AE2-C014-465C-833B-094C505FFA14}.Debug|Any CPU.Build.0 = Debug|Any CPU
		{D8AE8AE2-C014-465C-833B-094C505FFA14}.Release|Any CPU.ActiveCfg = Release|Any CPU
		{D8AE8AE2-C014-465C-833B-094C505FFA14}.Release|Any CPU.Build.0 = Release|Any CPU
		{3C8D8937-CC80-4BD6-A63F-201AED84D27C}.Debug|Any CPU.ActiveCfg = Debug|Any CPU
		{3C8D8937-CC80-4BD6-A63F-201AED84D27C}.Debug|Any CPU.Build.0 = Debug|Any CPU
		{3C8D8937-CC80-4BD6-A63F-201AED84D27C}.Release|Any CPU.ActiveCfg = Release|Any CPU
		{3C8D8937-CC80-4BD6-A63F-201AED84D27C}.Release|Any CPU.Build.0 = Release|Any CPU
		{645B5C18-5466-4765-B6CC-46C05D3A5F21}.Debug|Any CPU.ActiveCfg = Debug|Any CPU
		{645B5C18-5466-4765-B6CC-46C05D3A5F21}.Debug|Any CPU.Build.0 = Debug|Any CPU
		{645B5C18-5466-4765-B6CC-46C05D3A5F21}.Release|Any CPU.ActiveCfg = Release|Any CPU
		{645B5C18-5466-4765-B6CC-46C05D3A5F21}.Release|Any CPU.Build.0 = Release|Any CPU
		{3027F3BA-FD52-4532-ADAF-22AA8F8DEB10}.Debug|Any CPU.ActiveCfg = Debug|Any CPU
		{3027F3BA-FD52-4532-ADAF-22AA8F8DEB10}.Debug|Any CPU.Build.0 = Debug|Any CPU
		{3027F3BA-FD52-4532-ADAF-22AA8F8DEB10}.Release|Any CPU.ActiveCfg = Release|Any CPU
		{3027F3BA-FD52-4532-ADAF-22AA8F8DEB10}.Release|Any CPU.Build.0 = Release|Any CPU
		{22DB12BD-F51B-4F30-8835-D3829627A86A}.Debug|Any CPU.ActiveCfg = Debug|Any CPU
		{22DB12BD-F51B-4F30-8835-D3829627A86A}.Debug|Any CPU.Build.0 = Debug|Any CPU
		{22DB12BD-F51B-4F30-8835-D3829627A86A}.Release|Any CPU.ActiveCfg = Release|Any CPU
		{22DB12BD-F51B-4F30-8835-D3829627A86A}.Release|Any CPU.Build.0 = Release|Any CPU
		{0A85D52F-39D1-4211-8370-0D34DD027550}.Debug|Any CPU.ActiveCfg = Debug|Any CPU
		{0A85D52F-39D1-4211-8370-0D34DD027550}.Debug|Any CPU.Build.0 = Debug|Any CPU
		{0A85D52F-39D1-4211-8370-0D34DD027550}.Release|Any CPU.ActiveCfg = Release|Any CPU
		{0A85D52F-39D1-4211-8370-0D34DD027550}.Release|Any CPU.Build.0 = Release|Any CPU
		{B4390F6F-C697-420E-B80B-FC3E4470FCB1}.Debug|Any CPU.ActiveCfg = Debug|Any CPU
		{B4390F6F-C697-420E-B80B-FC3E4470FCB1}.Debug|Any CPU.Build.0 = Debug|Any CPU
		{B4390F6F-C697-420E-B80B-FC3E4470FCB1}.Release|Any CPU.ActiveCfg = Release|Any CPU
		{B4390F6F-C697-420E-B80B-FC3E4470FCB1}.Release|Any CPU.Build.0 = Release|Any CPU
		{DC8E151C-8114-4063-8246-C5A343D97BF4}.Debug|Any CPU.ActiveCfg = Debug|Any CPU
		{DC8E151C-8114-4063-8246-C5A343D97BF4}.Debug|Any CPU.Build.0 = Debug|Any CPU
		{DC8E151C-8114-4063-8246-C5A343D97BF4}.Release|Any CPU.ActiveCfg = Release|Any CPU
		{DC8E151C-8114-4063-8246-C5A343D97BF4}.Release|Any CPU.Build.0 = Release|Any CPU
		{73F706D4-1463-4B57-8E33-0B2CC53DA73E}.Debug|Any CPU.ActiveCfg = Debug|Any CPU
		{73F706D4-1463-4B57-8E33-0B2CC53DA73E}.Debug|Any CPU.Build.0 = Debug|Any CPU
		{73F706D4-1463-4B57-8E33-0B2CC53DA73E}.Release|Any CPU.ActiveCfg = Release|Any CPU
		{73F706D4-1463-4B57-8E33-0B2CC53DA73E}.Release|Any CPU.Build.0 = Release|Any CPU
	EndGlobalSection
	GlobalSection(SolutionProperties) = preSolution
		HideSolutionNode = FALSE
	EndGlobalSection
EndGlobal
